
Microsoft Visual Studio Solution File, Format Version 12.00
# Visual Studio 15
VisualStudioVersion = 15.0.28307.421
MinimumVisualStudioVersion = 10.0.40219.1
Project("{8BC9CEB8-8B4A-11D0-8D11-00A0C91BC942}") = "20190312", "20190312.vcxproj", "{5679245C-2E7E-4A74-97EE-107E69F5FDA6}"
EndProject
Project("{8BC9CEB8-8B4A-11D0-8D11-00A0C91BC942}") = "20190326", "..\20190326\20190326.vcxproj", "{E26115F1-0697-44DC-8AC3-0D5A5C2F1959}"
EndProject
Global
	GlobalSection(SolutionConfigurationPlatforms) = preSolution
		Debug|x64 = Debug|x64
		Debug|x86 = Debug|x86
		Release|x64 = Release|x64
		Release|x86 = Release|x86
	EndGlobalSection
	GlobalSection(ProjectConfigurationPlatforms) = postSolution
		{5679245C-2E7E-4A74-97EE-107E69F5FDA6}.Debug|x64.ActiveCfg = Debug|x64
		{5679245C-2E7E-4A74-97EE-107E69F5FDA6}.Debug|x64.Build.0 = Debug|x64
		{5679245C-2E7E-4A74-97EE-107E69F5FDA6}.Debug|x86.ActiveCfg = Debug|Win32
		{5679245C-2E7E-4A74-97EE-107E69F5FDA6}.Debug|x86.Build.0 = Debug|Win32
		{5679245C-2E7E-4A74-97EE-107E69F5FDA6}.Release|x64.ActiveCfg = Release|x64
		{5679245C-2E7E-4A74-97EE-107E69F5FDA6}.Release|x64.Build.0 = Release|x64
		{5679245C-2E7E-4A74-97EE-107E69F5FDA6}.Release|x86.ActiveCfg = Release|Win32
		{5679245C-2E7E-4A74-97EE-107E69F5FDA6}.Release|x86.Build.0 = Release|Win32
		{E26115F1-0697-44DC-8AC3-0D5A5C2F1959}.Debug|x64.ActiveCfg = Debug|x64
		{E26115F1-0697-44DC-8AC3-0D5A5C2F1959}.Debug|x64.Build.0 = Debug|x64
		{E26115F1-0697-44DC-8AC3-0D5A5C2F1959}.Debug|x86.ActiveCfg = Debug|Win32
		{E26115F1-0697-44DC-8AC3-0D5A5C2F1959}.Debug|x86.Build.0 = Debug|Win32
		{E26115F1-0697-44DC-8AC3-0D5A5C2F1959}.Release|x64.ActiveCfg = Release|x64
		{E26115F1-0697-44DC-8AC3-0D5A5C2F1959}.Release|x64.Build.0 = Release|x64
		{E26115F1-0697-44DC-8AC3-0D5A5C2F1959}.Release|x86.ActiveCfg = Release|Win32
		{E26115F1-0697-44DC-8AC3-0D5A5C2F1959}.Release|x86.Build.0 = Release|Win32
	EndGlobalSection
	GlobalSection(SolutionProperties) = preSolution
		HideSolutionNode = FALSE
	EndGlobalSection
	GlobalSection(ExtensibilityGlobals) = postSolution
		SolutionGuid = {6D3A23CA-CF64-4659-A5AA-34DD47DD821C}
	EndGlobalSection
EndGlobal
